
Microsoft Visual Studio Solution File, Format Version 12.00
# Visual Studio 15
VisualStudioVersion = 15.0.27703.2000
MinimumVisualStudioVersion = 10.0.40219.1
Project("{8BC9CEB8-8B4A-11D0-8D11-00A0C91BC942}") = "第1章 错误处理", "第1章 错误处理\第1章 错误处理.vcxproj", "{5B2531D3-A354-408F-90F5-B1790293B681}"
EndProject
Project("{8BC9CEB8-8B4A-11D0-8D11-00A0C91BC942}") = "第2章 字符和字符串处理", "第2章 字符和字符串处理\第2章 字符和字符串处理.vcxproj", "{B04E99FB-0359-46DC-9CAC-B723AC0F9AC8}"
EndProject
Project("{8BC9CEB8-8B4A-11D0-8D11-00A0C91BC942}") = "第3章 内核对象", "第3章 内核对象\第3章 内核对象.vcxproj", "{7CCAD98F-BBF6-4B2C-897A-C079033BF199}"
EndProject
Project("{8BC9CEB8-8B4A-11D0-8D11-00A0C91BC942}") = "第4章 进程", "第4章 进程\第4章 进程.vcxproj", "{17C48983-D961-4966-980A-54B6EE18A499}"
EndProject
Project("{8BC9CEB8-8B4A-11D0-8D11-00A0C91BC942}") = "第5章 作业", "第5章 作业\第5章 作业.vcxproj", "{9DD7765B-0BFD-4A8A-A262-DC360BA2CBD8}"
EndProject
Project("{8BC9CEB8-8B4A-11D0-8D11-00A0C91BC942}") = "第6章 线程基础", "第6章 线程基础\第6章 线程基础.vcxproj", "{3AF7AF9D-75EE-4CA4-A6DA-2AA183BD3E99}"
EndProject
Project("{8BC9CEB8-8B4A-11D0-8D11-00A0C91BC942}") = "第7章 线程调度、优先级和关联性", "第7章 线程调度、优先级和关联性\第7章 线程调度、优先级和关联性.vcxproj", "{A84310FF-32AE-4526-885C-86A13905CB34}"
EndProject
Project("{8BC9CEB8-8B4A-11D0-8D11-00A0C91BC942}") = "第8章 用户模式下的线程同步", "第8章 用户模式下的线程同步\第8章 用户模式下的线程同步.vcxproj", "{36E5427E-E92B-441D-8A48-67ECED96412D}"
EndProject
Project("{8BC9CEB8-8B4A-11D0-8D11-00A0C91BC942}") = "第9章 用内核对象进行线程同步", "第9章 用内核对象进行线程同步\第9章 用内核对象进行线程同步.vcxproj", "{65150C96-9091-42C6-BFC0-19B6F4DC5EC4}"
EndProject
Global
	GlobalSection(SolutionConfigurationPlatforms) = preSolution
		Debug|x64 = Debug|x64
		Debug|x86 = Debug|x86
		Release|x64 = Release|x64
		Release|x86 = Release|x86
	EndGlobalSection
	GlobalSection(ProjectConfigurationPlatforms) = postSolution
		{5B2531D3-A354-408F-90F5-B1790293B681}.Debug|x64.ActiveCfg = Debug|x64
		{5B2531D3-A354-408F-90F5-B1790293B681}.Debug|x64.Build.0 = Debug|x64
		{5B2531D3-A354-408F-90F5-B1790293B681}.Debug|x86.ActiveCfg = Debug|Win32
		{5B2531D3-A354-408F-90F5-B1790293B681}.Debug|x86.Build.0 = Debug|Win32
		{5B2531D3-A354-408F-90F5-B1790293B681}.Release|x64.ActiveCfg = Release|x64
		{5B2531D3-A354-408F-90F5-B1790293B681}.Release|x64.Build.0 = Release|x64
		{5B2531D3-A354-408F-90F5-B1790293B681}.Release|x86.ActiveCfg = Release|Win32
		{5B2531D3-A354-408F-90F5-B1790293B681}.Release|x86.Build.0 = Release|Win32
		{B04E99FB-0359-46DC-9CAC-B723AC0F9AC8}.Debug|x64.ActiveCfg = Debug|x64
		{B04E99FB-0359-46DC-9CAC-B723AC0F9AC8}.Debug|x64.Build.0 = Debug|x64
		{B04E99FB-0359-46DC-9CAC-B723AC0F9AC8}.Debug|x86.ActiveCfg = Debug|Win32
		{B04E99FB-0359-46DC-9CAC-B723AC0F9AC8}.Debug|x86.Build.0 = Debug|Win32
		{B04E99FB-0359-46DC-9CAC-B723AC0F9AC8}.Release|x64.ActiveCfg = Release|x64
		{B04E99FB-0359-46DC-9CAC-B723AC0F9AC8}.Release|x64.Build.0 = Release|x64
		{B04E99FB-0359-46DC-9CAC-B723AC0F9AC8}.Release|x86.ActiveCfg = Release|Win32
		{B04E99FB-0359-46DC-9CAC-B723AC0F9AC8}.Release|x86.Build.0 = Release|Win32
		{7CCAD98F-BBF6-4B2C-897A-C079033BF199}.Debug|x64.ActiveCfg = Debug|x64
		{7CCAD98F-BBF6-4B2C-897A-C079033BF199}.Debug|x64.Build.0 = Debug|x64
		{7CCAD98F-BBF6-4B2C-897A-C079033BF199}.Debug|x86.ActiveCfg = Debug|Win32
		{7CCAD98F-BBF6-4B2C-897A-C079033BF199}.Debug|x86.Build.0 = Debug|Win32
		{7CCAD98F-BBF6-4B2C-897A-C079033BF199}.Release|x64.ActiveCfg = Release|x64
		{7CCAD98F-BBF6-4B2C-897A-C079033BF199}.Release|x64.Build.0 = Release|x64
		{7CCAD98F-BBF6-4B2C-897A-C079033BF199}.Release|x86.ActiveCfg = Release|Win32
		{7CCAD98F-BBF6-4B2C-897A-C079033BF199}.Release|x86.Build.0 = Release|Win32
		{17C48983-D961-4966-980A-54B6EE18A499}.Debug|x64.ActiveCfg = Debug|x64
		{17C48983-D961-4966-980A-54B6EE18A499}.Debug|x64.Build.0 = Debug|x64
		{17C48983-D961-4966-980A-54B6EE18A499}.Debug|x86.ActiveCfg = Debug|Win32
		{17C48983-D961-4966-980A-54B6EE18A499}.Debug|x86.Build.0 = Debug|Win32
		{17C48983-D961-4966-980A-54B6EE18A499}.Release|x64.ActiveCfg = Release|x64
		{17C48983-D961-4966-980A-54B6EE18A499}.Release|x64.Build.0 = Release|x64
		{17C48983-D961-4966-980A-54B6EE18A499}.Release|x86.ActiveCfg = Release|Win32
		{17C48983-D961-4966-980A-54B6EE18A499}.Release|x86.Build.0 = Release|Win32
		{9DD7765B-0BFD-4A8A-A262-DC360BA2CBD8}.Debug|x64.ActiveCfg = Debug|x64
		{9DD7765B-0BFD-4A8A-A262-DC360BA2CBD8}.Debug|x64.Build.0 = Debug|x64
		{9DD7765B-0BFD-4A8A-A262-DC360BA2CBD8}.Debug|x86.ActiveCfg = Debug|Win32
		{9DD7765B-0BFD-4A8A-A262-DC360BA2CBD8}.Debug|x86.Build.0 = Debug|Win32
		{9DD7765B-0BFD-4A8A-A262-DC360BA2CBD8}.Release|x64.ActiveCfg = Release|x64
		{9DD7765B-0BFD-4A8A-A262-DC360BA2CBD8}.Release|x64.Build.0 = Release|x64
		{9DD7765B-0BFD-4A8A-A262-DC360BA2CBD8}.Release|x86.ActiveCfg = Release|Win32
		{9DD7765B-0BFD-4A8A-A262-DC360BA2CBD8}.Release|x86.Build.0 = Release|Win32
		{3AF7AF9D-75EE-4CA4-A6DA-2AA183BD3E99}.Debug|x64.ActiveCfg = Debug|x64
		{3AF7AF9D-75EE-4CA4-A6DA-2AA183BD3E99}.Debug|x64.Build.0 = Debug|x64
		{3AF7AF9D-75EE-4CA4-A6DA-2AA183BD3E99}.Debug|x86.ActiveCfg = Debug|Win32
		{3AF7AF9D-75EE-4CA4-A6DA-2AA183BD3E99}.Debug|x86.Build.0 = Debug|Win32
		{3AF7AF9D-75EE-4CA4-A6DA-2AA183BD3E99}.Release|x64.ActiveCfg = Release|x64
		{3AF7AF9D-75EE-4CA4-A6DA-2AA183BD3E99}.Release|x64.Build.0 = Release|x64
		{3AF7AF9D-75EE-4CA4-A6DA-2AA183BD3E99}.Release|x86.ActiveCfg = Release|Win32
		{3AF7AF9D-75EE-4CA4-A6DA-2AA183BD3E99}.Release|x86.Build.0 = Release|Win32
		{A84310FF-32AE-4526-885C-86A13905CB34}.Debug|x64.ActiveCfg = Debug|x64
		{A84310FF-32AE-4526-885C-86A13905CB34}.Debug|x64.Build.0 = Debug|x64
		{A84310FF-32AE-4526-885C-86A13905CB34}.Debug|x86.ActiveCfg = Debug|Win32
		{A84310FF-32AE-4526-885C-86A13905CB34}.Debug|x86.Build.0 = Debug|Win32
		{A84310FF-32AE-4526-885C-86A13905CB34}.Release|x64.ActiveCfg = Release|x64
		{A84310FF-32AE-4526-885C-86A13905CB34}.Release|x64.Build.0 = Release|x64
		{A84310FF-32AE-4526-885C-86A13905CB34}.Release|x86.ActiveCfg = Release|Win32
		{A84310FF-32AE-4526-885C-86A13905CB34}.Release|x86.Build.0 = Release|Win32
		{36E5427E-E92B-441D-8A48-67ECED96412D}.Debug|x64.ActiveCfg = Debug|x64
		{36E5427E-E92B-441D-8A48-67ECED96412D}.Debug|x64.Build.0 = Debug|x64
		{36E5427E-E92B-441D-8A48-67ECED96412D}.Debug|x86.ActiveCfg = Debug|Win32
		{36E5427E-E92B-441D-8A48-67ECED96412D}.Debug|x86.Build.0 = Debug|Win32
		{36E5427E-E92B-441D-8A48-67ECED96412D}.Release|x64.ActiveCfg = Release|x64
		{36E5427E-E92B-441D-8A48-67ECED96412D}.Release|x64.Build.0 = Release|x64
		{36E5427E-E92B-441D-8A48-67ECED96412D}.Release|x86.ActiveCfg = Release|Win32
		{36E5427E-E92B-441D-8A48-67ECED96412D}.Release|x86.Build.0 = Release|Win32
		{65150C96-9091-42C6-BFC0-19B6F4DC5EC4}.Debug|x64.ActiveCfg = Debug|x64
		{65150C96-9091-42C6-BFC0-19B6F4DC5EC4}.Debug|x64.Build.0 = Debug|x64
		{65150C96-9091-42C6-BFC0-19B6F4DC5EC4}.Debug|x86.ActiveCfg = Debug|Win32
		{65150C96-9091-42C6-BFC0-19B6F4DC5EC4}.Debug|x86.Build.0 = Debug|Win32
		{65150C96-9091-42C6-BFC0-19B6F4DC5EC4}.Release|x64.ActiveCfg = Release|x64
		{65150C96-9091-42C6-BFC0-19B6F4DC5EC4}.Release|x64.Build.0 = Release|x64
		{65150C96-9091-42C6-BFC0-19B6F4DC5EC4}.Release|x86.ActiveCfg = Release|Win32
		{65150C96-9091-42C6-BFC0-19B6F4DC5EC4}.Release|x86.Build.0 = Release|Win32
	EndGlobalSection
	GlobalSection(SolutionProperties) = preSolution
		HideSolutionNode = FALSE
	EndGlobalSection
	GlobalSection(ExtensibilityGlobals) = postSolution
		SolutionGuid = {F8AC4B4B-0892-408C-AFB9-14D173420BFF}
	EndGlobalSection
EndGlobal
